
Microsoft Visual Studio Solution File, Format Version 12.00
# Visual Studio Version 17
VisualStudioVersion = 17.5.002.0
MinimumVisualStudioVersion = 10.0.40219.1
Project("{9A19103F-16F7-4668-BE54-9A1E7A4F7556}") = "Escuela_Repaso", "Escuela_Repaso.csproj", "{E8FC749A-5DB0-4919-B87D-7E6761E1E94D}"
EndProject
Global
	GlobalSection(SolutionConfigurationPlatforms) = preSolution
		Debug|Any CPU = Debug|Any CPU
		Release|Any CPU = Release|Any CPU
	EndGlobalSection
	GlobalSection(ProjectConfigurationPlatforms) = postSolution
		{E8FC749A-5DB0-4919-B87D-7E6761E1E94D}.Debug|Any CPU.ActiveCfg = Debug|Any CPU
		{E8FC749A-5DB0-4919-B87D-7E6761E1E94D}.Debug|Any CPU.Build.0 = Debug|Any CPU
		{E8FC749A-5DB0-4919-B87D-7E6761E1E94D}.Release|Any CPU.ActiveCfg = Release|Any CPU
		{E8FC749A-5DB0-4919-B87D-7E6761E1E94D}.Release|Any CPU.Build.0 = Release|Any CPU
	EndGlobalSection
	GlobalSection(SolutionProperties) = preSolution
		HideSolutionNode = FALSE
	EndGlobalSection
	GlobalSection(ExtensibilityGlobals) = postSolution
		SolutionGuid = {AF2E195F-12AD-455E-AC5F-56B281CED564}
	EndGlobalSection
EndGlobal
