
Microsoft Visual Studio Solution File, Format Version 12.00
# Visual Studio Version 17
VisualStudioVersion = 17.5.002.0
MinimumVisualStudioVersion = 10.0.40219.1
Project("{9A19103F-16F7-4668-BE54-9A1E7A4F7556}") = "EJERCICIOS_POO2", "EJERCICIOS_POO2.csproj", "{ED697D77-64B3-49B5-A16D-22CBD84ED661}"
EndProject
Global
	GlobalSection(SolutionConfigurationPlatforms) = preSolution
		Debug|Any CPU = Debug|Any CPU
		Release|Any CPU = Release|Any CPU
	EndGlobalSection
	GlobalSection(ProjectConfigurationPlatforms) = postSolution
		{ED697D77-64B3-49B5-A16D-22CBD84ED661}.Debug|Any CPU.ActiveCfg = Debug|Any CPU
		{ED697D77-64B3-49B5-A16D-22CBD84ED661}.Debug|Any CPU.Build.0 = Debug|Any CPU
		{ED697D77-64B3-49B5-A16D-22CBD84ED661}.Release|Any CPU.ActiveCfg = Release|Any CPU
		{ED697D77-64B3-49B5-A16D-22CBD84ED661}.Release|Any CPU.Build.0 = Release|Any CPU
	EndGlobalSection
	GlobalSection(SolutionProperties) = preSolution
		HideSolutionNode = FALSE
	EndGlobalSection
	GlobalSection(ExtensibilityGlobals) = postSolution
		SolutionGuid = {2B4A236D-76ED-4C22-B411-709A99E985A0}
	EndGlobalSection
EndGlobal
