
Microsoft Visual Studio Solution File, Format Version 12.00
# Visual Studio Version 17
VisualStudioVersion = 17.5.002.0
MinimumVisualStudioVersion = 10.0.40219.1
Project("{9A19103F-16F7-4668-BE54-9A1E7A4F7556}") = "Taller_Practico_Estudiantes", "Taller_Practico_Estudiantes.csproj", "{2CBBD02C-E3D9-4358-BF45-0B220716693C}"
EndProject
Global
	GlobalSection(SolutionConfigurationPlatforms) = preSolution
		Debug|Any CPU = Debug|Any CPU
		Release|Any CPU = Release|Any CPU
	EndGlobalSection
	GlobalSection(ProjectConfigurationPlatforms) = postSolution
		{2CBBD02C-E3D9-4358-BF45-0B220716693C}.Debug|Any CPU.ActiveCfg = Debug|Any CPU
		{2CBBD02C-E3D9-4358-BF45-0B220716693C}.Debug|Any CPU.Build.0 = Debug|Any CPU
		{2CBBD02C-E3D9-4358-BF45-0B220716693C}.Release|Any CPU.ActiveCfg = Release|Any CPU
		{2CBBD02C-E3D9-4358-BF45-0B220716693C}.Release|Any CPU.Build.0 = Release|Any CPU
	EndGlobalSection
	GlobalSection(SolutionProperties) = preSolution
		HideSolutionNode = FALSE
	EndGlobalSection
	GlobalSection(ExtensibilityGlobals) = postSolution
		SolutionGuid = {8A93001F-92A4-4F1D-8CB3-B71C284BCFE8}
	EndGlobalSection
EndGlobal
